// !$*UTF8*$!
{
	archiveVersion = 1;
	classes = {
	};
	objectVersion = 46;
	objects = {

/* Begin PBXBuildFile section */
		5CF8965A1B86E72A00C7358D /* main.m in Sources */ = {isa = PBXBuildFile; fileRef = 5CF896591B86E72A00C7358D /* main.m */; };
		5CF8965D1B86E72A00C7358D /* AppDelegate.m in Sources */ = {isa = PBXBuildFile; fileRef = 5CF8965C1B86E72A00C7358D /* AppDelegate.m */; };
		5CF896601B86E72A00C7358D /* ViewController.m in Sources */ = {isa = PBXBuildFile; fileRef = 5CF8965F1B86E72A00C7358D /* ViewController.m */; };
		5CF896631B86E72A00C7358D /* Main.storyboard in Resources */ = {isa = PBXBuildFile; fileRef = 5CF896611B86E72A00C7358D /* Main.storyboard */; };
		5CF896651B86E72A00C7358D /* Images.xcassets in Resources */ = {isa = PBXBuildFile; fileRef = 5CF896641B86E72A00C7358D /* Images.xcassets */; };
		5CF896681B86E72A00C7358D /* LaunchScreen.xib in Resources */ = {isa = PBXBuildFile; fileRef = 5CF896661B86E72A00C7358D /* LaunchScreen.xib */; };
		5CF896741B86E72A00C7358D /* todo1Tests.m in Sources */ = {isa = PBXBuildFile; fileRef = 5CF896731B86E72A00C7358D /* todo1Tests.m */; };
/* End PBXBuildFile section */

/* Begin PBXContainerItemProxy section */
		5CF8966E1B86E72A00C7358D /* PBXContainerItemProxy */ = {
			isa = PBXContainerItemProxy;
			containerPortal = 5CF8964C1B86E72A00C7358D /* Project object */;
			proxyType = 1;
			remoteGlobalIDString = 5CF896531B86E72A00C7358D;
			remoteInfo = todo1;
		};
/* End PBXContainerItemProxy section */

/* Begin PBXFileReference section */
		5CF896541B86E72A00C7358D /* todo1.app */ = {isa = PBXFileReference; explicitFileType = wrapper.application; includeInIndex = 0; path = todo1.app; sourceTree = BUILT_PRODUCTS_DIR; };
		5CF896581B86E72A00C7358D /* Info.plist */ = {isa = PBXFileReference; lastKnownFileType = text.plist.xml; path = Info.plist; sourceTree = "<group>"; };
		5CF896591B86E72A00C7358D /* main.m */ = {isa = PBXFileReference; lastKnownFileType = sourcecode.c.objc; path = main.m; sourceTree = "<group>"; };
		5CF8965B1B86E72A00C7358D /* AppDelegate.h */ = {isa = PBXFileReference; lastKnownFileType = sourcecode.c.h; path = AppDelegate.h; sourceTree = "<group>"; };
		5CF8965C1B86E72A00C7358D /* AppDelegate.m */ = {isa = PBXFileReference; lastKnownFileType = sourcecode.c.objc; path = AppDelegate.m; sourceTree = "<group>"; };
		5CF8965E1B86E72A00C7358D /* ViewController.h */ = {isa = PBXFileReference; lastKnownFileType = sourcecode.c.h; path = ViewController.h; sourceTree = "<group>"; };
		5CF8965F1B86E72A00C7358D /* ViewController.m */ = {isa = PBXFileReference; lastKnownFileType = sourcecode.c.objc; path = ViewController.m; sourceTree = "<group>"; };
		5CF896621B86E72A00C7358D /* Base */ = {isa = PBXFileReference; lastKnownFileType = file.storyboard; name = Base; path = Base.lproj/Main.storyboard; sourceTree = "<group>"; };
		5CF896641B86E72A00C7358D /* Images.xcassets */ = {isa = PBXFileReference; lastKnownFileType = folder.assetcatalog; path = Images.xcassets; sourceTree = "<group>"; };
		5CF896671B86E72A00C7358D /* Base */ = {isa = PBXFileReference; lastKnownFileType = file.xib; name = Base; path = Base.lproj/LaunchScreen.xib; sourceTree = "<group>"; };
		5CF8966D1B86E72A00C7358D /* todo1Tests.xctest */ = {isa = PBXFileReference; explicitFileType = wrapper.cfbundle; includeInIndex = 0; path = todo1Tests.xctest; sourceTree = BUILT_PRODUCTS_DIR; };
		5CF896721B86E72A00C7358D /* Info.plist */ = {isa = PBXFileReference; lastKnownFileType = text.plist.xml; path = Info.plist; sourceTree = "<group>"; };
		5CF896731B86E72A00C7358D /* todo1Tests.m */ = {isa = PBXFileReference; lastKnownFileType = sourcecode.c.objc; path = todo1Tests.m; sourceTree = "<group>"; };
/* End PBXFileReference section */

/* Begin PBXFrameworksBuildPhase section */
		5CF896511B86E72A00C7358D /* Frameworks */ = {
			isa = PBXFrameworksBuildPhase;
			buildActionMask = 2147483647;
			files = (
			);
			runOnlyForDeploymentPostprocessing = 0;
		};
		5CF8966A1B86E72A00C7358D /* Frameworks */ = {
			isa = PBXFrameworksBuildPhase;
			buildActionMask = 2147483647;
			files = (
			);
			runOnlyForDeploymentPostprocessing = 0;
		};
/* End PBXFrameworksBuildPhase section */

/* Begin PBXGroup section */
		5CF8964B1B86E72A00C7358D = {
			isa = PBXGroup;
			children = (
				5CF896561B86E72A00C7358D /* todo1 */,
				5CF896701B86E72A00C7358D /* todo1Tests */,
				5CF896551B86E72A00C7358D /* Products */,
			);
			sourceTree = "<group>";
		};
		5CF896551B86E72A00C7358D /* Products */ = {
			isa = PBXGroup;
			children = (
				5CF896541B86E72A00C7358D /* todo1.app */,
				5CF8966D1B86E72A00C7358D /* todo1Tests.xctest */,
			);
			name = Products;
			sourceTree = "<group>";
		};
		5CF896561B86E72A00C7358D /* todo1 */ = {
			isa = PBXGroup;
			children = (
				5CF8965B1B86E72A00C7358D /* AppDelegate.h */,
				5CF8965C1B86E72A00C7358D /* AppDelegate.m */,
				5CF8965E1B86E72A00C7358D /* ViewController.h */,
				5CF8965F1B86E72A00C7358D /* ViewController.m */,
				5CF896611B86E72A00C7358D /* Main.storyboard */,
				5CF896641B86E72A00C7358D /* Images.xcassets */,
				5CF896661B86E72A00C7358D /* LaunchScreen.xib */,
				5CF896571B86E72A00C7358D /* Supporting Files */,
			);
			path = todo1;
			sourceTree = "<group>";
		};
		5CF896571B86E72A00C7358D /* Supporting Files */ = {
			isa = PBXGroup;
			children = (
				5CF896581B86E72A00C7358D /* Info.plist */,
				5CF896591B86E72A00C7358D /* main.m */,
			);
			name = "Supporting Files";
			sourceTree = "<group>";
		};
		5CF896701B86E72A00C7358D /* todo1Tests */ = {
			isa = PBXGroup;
			children = (
				5CF896731B86E72A00C7358D /* todo1Tests.m */,
				5CF896711B86E72A00C7358D /* Supporting Files */,
			);
			path = todo1Tests;
			sourceTree = "<group>";
		};
		5CF896711B86E72A00C7358D /* Supporting Files */ = {
			isa = PBXGroup;
			children = (
				5CF896721B86E72A00C7358D /* Info.plist */,
			);
			name = "Supporting Files";
			sourceTree = "<group>";
		};
/* End PBXGroup section */

/* Begin PBXNativeTarget section */
		5CF896531B86E72A00C7358D /* todo1 */ = {
			isa = PBXNativeTarget;
			buildConfigurationList = 5CF896771B86E72A00C7358D /* Build configuration list for PBXNativeTarget "todo1" */;
			buildPhases = (
				5CF896501B86E72A00C7358D /* Sources */,
				5CF896511B86E72A00C7358D /* Frameworks */,
				5CF896521B86E72A00C7358D /* Resources */,
			);
			buildRules = (
			);
			dependencies = (
			);
			name = todo1;
			productName = todo1;
			productReference = 5CF896541B86E72A00C7358D /* todo1.app */;
			productType = "com.apple.product-type.application";
		};
		5CF8966C1B86E72A00C7358D /* todo1Tests */ = {
			isa = PBXNativeTarget;
			buildConfigurationList = 5CF8967A1B86E72A00C7358D /* Build configuration list for PBXNativeTarget "todo1Tests" */;
			buildPhases = (
				5CF896691B86E72A00C7358D /* Sources */,
				5CF8966A1B86E72A00C7358D /* Frameworks */,
				5CF8966B1B86E72A00C7358D /* Resources */,
			);
			buildRules = (
			);
			dependencies = (
				5CF8966F1B86E72A00C7358D /* PBXTargetDependency */,
			);
			name = todo1Tests;
			productName = todo1Tests;
			productReference = 5CF8966D1B86E72A00C7358D /* todo1Tests.xctest */;
			productType = "com.apple.product-type.bundle.unit-test";
		};
/* End PBXNativeTarget section */

/* Begin PBXProject section */
		5CF8964C1B86E72A00C7358D /* Project object */ = {
			isa = PBXProject;
			attributes = {
				LastUpgradeCheck = 0640;
				ORGANIZATIONNAME = "Rahul Prabhu";
				TargetAttributes = {
					5CF896531B86E72A00C7358D = {
						CreatedOnToolsVersion = 6.4;
					};
					5CF8966C1B86E72A00C7358D = {
						CreatedOnToolsVersion = 6.4;
						TestTargetID = 5CF896531B86E72A00C7358D;
					};
				};
			};
			buildConfigurationList = 5CF8964F1B86E72A00C7358D /* Build configuration list for PBXProject "todo1" */;
			compatibilityVersion = "Xcode 3.2";
			developmentRegion = English;
			hasScannedForEncodings = 0;
			knownRegions = (
				en,
				Base,
			);
			mainGroup = 5CF8964B1B86E72A00C7358D;
			productRefGroup = 5CF896551B86E72A00C7358D /* Products */;
			projectDirPath = "";
			projectRoot = "";
			targets = (
				5CF896531B86E72A00C7358D /* todo1 */,
				5CF8966C1B86E72A00C7358D /* todo1Tests */,
			);
		};
/* End PBXProject section */

/* Begin PBXResourcesBuildPhase section */
		5CF896521B86E72A00C7358D /* Resources */ = {
			isa = PBXResourcesBuildPhase;
			buildActionMask = 2147483647;
			files = (
				5CF896631B86E72A00C7358D /* Main.storyboard in Resources */,
				5CF896681B86E72A00C7358D /* LaunchScreen.xib in Resources */,
				5CF896651B86E72A00C7358D /* Images.xcassets in Resources */,
			);
			runOnlyForDeploymentPostprocessing = 0;
		};
		5CF8966B1B86E72A00C7358D /* Resources */ = {
			isa = PBXResourcesBuildPhase;
			buildActionMask = 2147483647;
			files = (
			);
			runOnlyForDeploymentPostprocessing = 0;
		};
/* End PBXResourcesBuildPhase section */

/* Begin PBXSourcesBuildPhase section */
		5CF896501B86E72A00C7358D /* Sources */ = {
			isa = PBXSourcesBuildPhase;
			buildActionMask = 2147483647;
			files = (
				5CF896601B86E72A00C7358D /* ViewController.m in Sources */,
				5CF8965D1B86E72A00C7358D /* AppDelegate.m in Sources */,
				5CF8965A1B86E72A00C7358D /* main.m in Sources */,
			);
			runOnlyForDeploymentPostprocessing = 0;
		};
		5CF896691B86E72A00C7358D /* Sources */ = {
			isa = PBXSourcesBuildPhase;
			buildActionMask = 2147483647;
			files = (
				5CF896741B86E72A00C7358D /* todo1Tests.m in Sources */,
			);
			runOnlyForDeploymentPostprocessing = 0;
		};
/* End PBXSourcesBuildPhase section */

/* Begin PBXTargetDependency section */
		5CF8966F1B86E72A00C7358D /* PBXTargetDependency */ = {
			isa = PBXTargetDependency;
			target = 5CF896531B86E72A00C7358D /* todo1 */;
			targetProxy = 5CF8966E1B86E72A00C7358D /* PBXContainerItemProxy */;
		};
/* End PBXTargetDependency section */

/* Begin PBXVariantGroup section */
		5CF896611B86E72A00C7358D /* Main.storyboard */ = {
			isa = PBXVariantGroup;
			children = (
				5CF896621B86E72A00C7358D /* Base */,
			);
			name = Main.storyboard;
			sourceTree = "<group>";
		};
		5CF896661B86E72A00C7358D /* LaunchScreen.xib */ = {
			isa = PBXVariantGroup;
			children = (
				5CF896671B86E72A00C7358D /* Base */,
			);
			name = LaunchScreen.xib;
			sourceTree = "<group>";
		};
/* End PBXVariantGroup section */

/* Begin XCBuildConfiguration section */
		5CF896751B86E72A00C7358D /* Debug */ = {
			isa = XCBuildConfiguration;
			buildSettings = {
				ALWAYS_SEARCH_USER_PATHS = NO;
				CLANG_CXX_LANGUAGE_STANDARD = "gnu++0x";
				CLANG_CXX_LIBRARY = "libc++";
				CLANG_ENABLE_MODULES = YES;
				CLANG_ENABLE_OBJC_ARC = YES;
				CLANG_WARN_BOOL_CONVERSION = YES;
				CLANG_WARN_CONSTANT_CONVERSION = YES;
				CLANG_WARN_DIRECT_OBJC_ISA_USAGE = YES_ERROR;
				CLANG_WARN_EMPTY_BODY = YES;
				CLANG_WARN_ENUM_CONVERSION = YES;
				CLANG_WARN_INT_CONVERSION = YES;
				CLANG_WARN_OBJC_ROOT_CLASS = YES_ERROR;
				CLANG_WARN_UNREACHABLE_CODE = YES;
				CLANG_WARN__DUPLICATE_METHOD_MATCH = YES;
				"CODE_SIGN_IDENTITY[sdk=iphoneos*]" = "iPhone Developer";
				COPY_PHASE_STRIP = NO;
				DEBUG_INFORMATION_FORMAT = "dwarf-with-dsym";
				ENABLE_STRICT_OBJC_MSGSEND = YES;
				GCC_C_LANGUAGE_STANDARD = gnu99;
				GCC_DYNAMIC_NO_PIC = NO;
				GCC_NO_COMMON_BLOCKS = YES;
				GCC_OPTIMIZATION_LEVEL = 0;
				GCC_PREPROCESSOR_DEFINITIONS = (
					"DEBUG=1",
					"$(inherited)",
				);
				GCC_SYMBOLS_PRIVATE_EXTERN = NO;
				GCC_WARN_64_TO_32_BIT_CONVERSION = YES;
				GCC_WARN_ABOUT_RETURN_TYPE = YES_ERROR;
				GCC_WARN_UNDECLARED_SELECTOR = YES;
				GCC_WARN_UNINITIALIZED_AUTOS = YES_AGGRESSIVE;
				GCC_WARN_UNUSED_FUNCTION = YES;
				GCC_WARN_UNUSED_VARIABLE = YES;
				IPHONEOS_DEPLOYMENT_TARGET = 8.4;
				MTL_ENABLE_DEBUG_INFO = YES;
				ONLY_ACTIVE_ARCH = YES;
				SDKROOT = iphoneos;
				TARGETED_DEVICE_FAMILY = "1,2";
			};
			name = Debug;
		};
		5CF896761B86E72A00C7358D /* Release */ = {
			isa = XCBuildConfiguration;
			buildSettings = {
				ALWAYS_SEARCH_USER_PATHS = NO;
				CLANG_CXX_LANGUAGE_STANDARD = "gnu++0x";
				CLANG_CXX_LIBRARY = "libc++";
				CLANG_ENABLE_MODULES = YES;
				CLANG_ENABLE_OBJC_ARC = YES;
				CLANG_WARN_BOOL_CONVERSION = YES;
				CLANG_WARN_CONSTANT_CONVERSION = YES;
				CLANG_WARN_DIRECT_OBJC_ISA_USAGE = YES_ERROR;
				CLANG_WARN_EMPTY_BODY = YES;
				CLANG_WARN_ENUM_CONVERSION = YES;
				CLANG_WARN_INT_CONVERSION = YES;
				CLANG_WARN_OBJC_ROOT_CLASS = YES_ERROR;
				CLANG_WARN_UNREACHABLE_CODE = YES;
				CLANG_WARN__DUPLICATE_METHOD_MATCH = YES;
				"CODE_SIGN_IDENTITY[sdk=iphoneos*]" = "iPhone Developer";
				COPY_PHASE_STRIP = NO;
				DEBUG_INFORMATION_FORMAT = "dwarf-with-dsym";
				ENABLE_NS_ASSERTIONS = NO;
				ENABLE_STRICT_OBJC_MSGSEND = YES;
				GCC_C_LANGUAGE_STANDARD = gnu99;
				GCC_NO_COMMON_BLOCKS = YES;
				GCC_WARN_64_TO_32_BIT_CONVERSION = YES;
				GCC_WARN_ABOUT_RETURN_TYPE = YES_ERROR;
				GCC_WARN_UNDECLARED_SELECTOR = YES;
				GCC_WARN_UNINITIALIZED_AUTOS = YES_AGGRESSIVE;
				GCC_WARN_UNUSED_FUNCTION = YES;
				GCC_WARN_UNUSED_VARIABLE = YES;
				IPHONEOS_DEPLOYMENT_TARGET = 8.4;
				MTL_ENABLE_DEBUG_INFO = NO;
				SDKROOT = iphoneos;
				TARGETED_DEVICE_FAMILY = "1,2";
				VALIDATE_PRODUCT = YES;
			};
			name = Release;
		};
		5CF896781B86E72A00C7358D /* Debug */ = {
			isa = XCBuildConfiguration;
			buildSettings = {
				ASSETCATALOG_COMPILER_APPICON_NAME = AppIcon;
				INFOPLIST_FILE = todo1/Info.plist;
				LD_RUNPATH_SEARCH_PATHS = "$(inherited) @executable_path/Frameworks";
				PRODUCT_NAME = "$(TARGET_NAME)";
			};
			name = Debug;
		};
		5CF896791B86E72A00C7358D /* Release */ = {
			isa = XCBuildConfiguration;
			buildSettings = {
				ASSETCATALOG_COMPILER_APPICON_NAME = AppIcon;
				INFOPLIST_FILE = todo1/Info.plist;
				LD_RUNPATH_SEARCH_PATHS = "$(inherited) @executable_path/Frameworks";
				PRODUCT_NAME = "$(TARGET_NAME)";
			};
			name = Release;
		};
		5CF8967B1B86E72A00C7358D /* Debug */ = {
			isa = XCBuildConfiguration;
			buildSettings = {
				BUNDLE_LOADER = "$(TEST_HOST)";
				FRAMEWORK_SEARCH_PATHS = (
					"$(SDKROOT)/Developer/Library/Frameworks",
					"$(inherited)",
				);
				GCC_PREPROCESSOR_DEFINITIONS = (
					"DEBUG=1",
					"$(inherited)",
				);
				INFOPLIST_FILE = todo1Tests/Info.plist;
				LD_RUNPATH_SEARCH_PATHS = "$(inherited) @executable_path/Frameworks @loader_path/Frameworks";
				PRODUCT_NAME = "$(TARGET_NAME)";
				TEST_HOST = "$(BUILT_PRODUCTS_DIR)/todo1.app/todo1";
			};
			name = Debug;
		};
		5CF8967C1B86E72A00C7358D /* Release */ = {
			isa = XCBuildConfiguration;
			buildSettings = {
				BUNDLE_LOADER = "$(TEST_HOST)";
				FRAMEWORK_SEARCH_PATHS = (
					"$(SDKROOT)/Developer/Library/Frameworks",
					"$(inherited)",
				);
				INFOPLIST_FILE = todo1Tests/Info.plist;
				LD_RUNPATH_SEARCH_PATHS = "$(inherited) @executable_path/Frameworks @loader_path/Frameworks";
				PRODUCT_NAME = "$(TARGET_NAME)";
				TEST_HOST = "$(BUILT_PRODUCTS_DIR)/todo1.app/todo1";
			};
			name = Release;
		};
/* End XCBuildConfiguration section */

/* Begin XCConfigurationList section */
		5CF8964F1B86E72A00C7358D /* Build configuration list for PBXProject "todo1" */ = {
			isa = XCConfigurationList;
			buildConfigurations = (
				5CF896751B86E72A00C7358D /* Debug */,
				5CF896761B86E72A00C7358D /* Release */,
			);
			defaultConfigurationIsVisible = 0;
			defaultConfigurationName = Release;
		};
		5CF896771B86E72A00C7358D /* Build configuration list for PBXNativeTarget "todo1" */ = {
			isa = XCConfigurationList;
			buildConfigurations = (
				5CF896781B86E72A00C7358D /* Debug */,
				5CF896791B86E72A00C7358D /* Release */,
			);
			defaultConfigurationIsVisible = 0;
		};
		5CF8967A1B86E72A00C7358D /* Build configuration list for PBXNativeTarget "todo1Tests" */ = {
			isa = XCConfigurationList;
			buildConfigurations = (
				5CF8967B1B86E72A00C7358D /* Debug */,
				5CF8967C1B86E72A00C7358D /* Release */,
			);
			defaultConfigurationIsVisible = 0;
		};
/* End XCConfigurationList section */
	};
	rootObject = 5CF8964C1B86E72A00C7358D /* Project object */;
}
